// !$*UTF8*$!
{
	archiveVersion = 1;
	classes = {
	};
	objectVersion = 50;
	objects = {

/* Begin PBXBuildFile section */
		2E046AA52259901C0025CA76 /* AppDelegate.swift in Sources */ = {isa = PBXBuildFile; fileRef = 2E046AA42259901C0025CA76 /* AppDelegate.swift */; };
		2E046AA72259901C0025CA76 /* FirstViewController.swift in Sources */ = {isa = PBXBuildFile; fileRef = 2E046AA62259901C0025CA76 /* FirstViewController.swift */; };
		2E046AAA2259901C0025CA76 /* Main.storyboard in Resources */ = {isa = PBXBuildFile; fileRef = 2E046AA82259901C0025CA76 /* Main.storyboard */; };
		2E046AAC2259901D0025CA76 /* Assets.xcassets in Resources */ = {isa = PBXBuildFile; fileRef = 2E046AAB2259901D0025CA76 /* Assets.xcassets */; };
		2E046AAF2259901D0025CA76 /* LaunchScreen.storyboard in Resources */ = {isa = PBXBuildFile; fileRef = 2E046AAD2259901D0025CA76 /* LaunchScreen.storyboard */; };
		2E046ABA2259901D0025CA76 /* AutoLayoutSampleTests.swift in Sources */ = {isa = PBXBuildFile; fileRef = 2E046AB92259901D0025CA76 /* AutoLayoutSampleTests.swift */; };
		2E046AC52259901D0025CA76 /* AutoLayoutSampleUITests.swift in Sources */ = {isa = PBXBuildFile; fileRef = 2E046AC42259901D0025CA76 /* AutoLayoutSampleUITests.swift */; };
		2E046AD7225991AB0025CA76 /* CustomTableViewCell.swift in Sources */ = {isa = PBXBuildFile; fileRef = 2E046AD5225991AB0025CA76 /* CustomTableViewCell.swift */; };
		2E046AD8225991AB0025CA76 /* CustomTableViewCell.xib in Resources */ = {isa = PBXBuildFile; fileRef = 2E046AD6225991AB0025CA76 /* CustomTableViewCell.xib */; };
		2E046ADA22599ABE0025CA76 /* SecondViewController.swift in Sources */ = {isa = PBXBuildFile; fileRef = 2E046AD922599ABE0025CA76 /* SecondViewController.swift */; };
		2E046ADE22599BB50025CA76 /* SecondCustomTableViewCell.swift in Sources */ = {isa = PBXBuildFile; fileRef = 2E046ADC22599BB50025CA76 /* SecondCustomTableViewCell.swift */; };
		2E046ADF22599BB50025CA76 /* SecondCustomTableViewCell.xib in Resources */ = {isa = PBXBuildFile; fileRef = 2E046ADD22599BB50025CA76 /* SecondCustomTableViewCell.xib */; };
		2E046AE32259A0340025CA76 /* ThirdCustomTableViewCell.swift in Sources */ = {isa = PBXBuildFile; fileRef = 2E046AE12259A0340025CA76 /* ThirdCustomTableViewCell.swift */; };
		2E046AE42259A0340025CA76 /* ThirdCustomTableViewCell.xib in Resources */ = {isa = PBXBuildFile; fileRef = 2E046AE22259A0340025CA76 /* ThirdCustomTableViewCell.xib */; };
		2E046AE62259A4A40025CA76 /* ThirdViewController.swift in Sources */ = {isa = PBXBuildFile; fileRef = 2E046AE52259A4A40025CA76 /* ThirdViewController.swift */; };
/* End PBXBuildFile section */

/* Begin PBXContainerItemProxy section */
		2E046AB62259901D0025CA76 /* PBXContainerItemProxy */ = {
			isa = PBXContainerItemProxy;
			containerPortal = 2E046A992259901C0025CA76 /* Project object */;
			proxyType = 1;
			remoteGlobalIDString = 2E046AA02259901C0025CA76;
			remoteInfo = AutoLayoutSample;
		};
		2E046AC12259901D0025CA76 /* PBXContainerItemProxy */ = {
			isa = PBXContainerItemProxy;
			containerPortal = 2E046A992259901C0025CA76 /* Project object */;
			proxyType = 1;
			remoteGlobalIDString = 2E046AA02259901C0025CA76;
			remoteInfo = AutoLayoutSample;
		};
/* End PBXContainerItemProxy section */

/* Begin PBXFileReference section */
		2E046AA12259901C0025CA76 /* AutoLayoutSample.app */ = {isa = PBXFileReference; explicitFileType = wrapper.application; includeInIndex = 0; path = AutoLayoutSample.app; sourceTree = BUILT_PRODUCTS_DIR; };
		2E046AA42259901C0025CA76 /* AppDelegate.swift */ = {isa = PBXFileReference; lastKnownFileType = sourcecode.swift; path = AppDelegate.swift; sourceTree = "<group>"; };
		2E046AA62259901C0025CA76 /* FirstViewController.swift */ = {isa = PBXFileReference; lastKnownFileType = sourcecode.swift; path = FirstViewController.swift; sourceTree = "<group>"; };
		2E046AA92259901C0025CA76 /* Base */ = {isa = PBXFileReference; lastKnownFileType = file.storyboard; name = Base; path = Base.lproj/Main.storyboard; sourceTree = "<group>"; };
		2E046AAB2259901D0025CA76 /* Assets.xcassets */ = {isa = PBXFileReference; lastKnownFileType = folder.assetcatalog; path = Assets.xcassets; sourceTree = "<group>"; };
		2E046AAE2259901D0025CA76 /* Base */ = {isa = PBXFileReference; lastKnownFileType = file.storyboard; name = Base; path = Base.lproj/LaunchScreen.storyboard; sourceTree = "<group>"; };
		2E046AB02259901D0025CA76 /* Info.plist */ = {isa = PBXFileReference; lastKnownFileType = text.plist.xml; path = Info.plist; sourceTree = "<group>"; };
		2E046AB52259901D0025CA76 /* AutoLayoutSampleTests.xctest */ = {isa = PBXFileReference; explicitFileType = wrapper.cfbundle; includeInIndex = 0; path = AutoLayoutSampleTests.xctest; sourceTree = BUILT_PRODUCTS_DIR; };
		2E046AB92259901D0025CA76 /* AutoLayoutSampleTests.swift */ = {isa = PBXFileReference; lastKnownFileType = sourcecode.swift; path = AutoLayoutSampleTests.swift; sourceTree = "<group>"; };
		2E046ABB2259901D0025CA76 /* Info.plist */ = {isa = PBXFileReference; lastKnownFileType = text.plist.xml; path = Info.plist; sourceTree = "<group>"; };
		2E046AC02259901D0025CA76 /* AutoLayoutSampleUITests.xctest */ = {isa = PBXFileReference; explicitFileType = wrapper.cfbundle; includeInIndex = 0; path = AutoLayoutSampleUITests.xctest; sourceTree = BUILT_PRODUCTS_DIR; };
		2E046AC42259901D0025CA76 /* AutoLayoutSampleUITests.swift */ = {isa = PBXFileReference; lastKnownFileType = sourcecode.swift; path = AutoLayoutSampleUITests.swift; sourceTree = "<group>"; };
		2E046AC62259901D0025CA76 /* Info.plist */ = {isa = PBXFileReference; lastKnownFileType = text.plist.xml; path = Info.plist; sourceTree = "<group>"; };
		2E046AD5225991AB0025CA76 /* CustomTableViewCell.swift */ = {isa = PBXFileReference; lastKnownFileType = sourcecode.swift; path = CustomTableViewCell.swift; sourceTree = "<group>"; };
		2E046AD6225991AB0025CA76 /* CustomTableViewCell.xib */ = {isa = PBXFileReference; lastKnownFileType = file.xib; path = CustomTableViewCell.xib; sourceTree = "<group>"; };
		2E046AD922599ABE0025CA76 /* SecondViewController.swift */ = {isa = PBXFileReference; lastKnownFileType = sourcecode.swift; path = SecondViewController.swift; sourceTree = "<group>"; };
		2E046ADC22599BB50025CA76 /* SecondCustomTableViewCell.swift */ = {isa = PBXFileReference; lastKnownFileType = sourcecode.swift; path = SecondCustomTableViewCell.swift; sourceTree = "<group>"; };
		2E046ADD22599BB50025CA76 /* SecondCustomTableViewCell.xib */ = {isa = PBXFileReference; lastKnownFileType = file.xib; path = SecondCustomTableViewCell.xib; sourceTree = "<group>"; };
		2E046AE12259A0340025CA76 /* ThirdCustomTableViewCell.swift */ = {isa = PBXFileReference; lastKnownFileType = sourcecode.swift; path = ThirdCustomTableViewCell.swift; sourceTree = "<group>"; };
		2E046AE22259A0340025CA76 /* ThirdCustomTableViewCell.xib */ = {isa = PBXFileReference; lastKnownFileType = file.xib; path = ThirdCustomTableViewCell.xib; sourceTree = "<group>"; };
		2E046AE52259A4A40025CA76 /* ThirdViewController.swift */ = {isa = PBXFileReference; lastKnownFileType = sourcecode.swift; path = ThirdViewController.swift; sourceTree = "<group>"; };
/* End PBXFileReference section */

/* Begin PBXFrameworksBuildPhase section */
		2E046A9E2259901C0025CA76 /* Frameworks */ = {
			isa = PBXFrameworksBuildPhase;
			buildActionMask = 2147483647;
			files = (
			);
			runOnlyForDeploymentPostprocessing = 0;
		};
		2E046AB22259901D0025CA76 /* Frameworks */ = {
			isa = PBXFrameworksBuildPhase;
			buildActionMask = 2147483647;
			files = (
			);
			runOnlyForDeploymentPostprocessing = 0;
		};
		2E046ABD2259901D0025CA76 /* Frameworks */ = {
			isa = PBXFrameworksBuildPhase;
			buildActionMask = 2147483647;
			files = (
			);
			runOnlyForDeploymentPostprocessing = 0;
		};
/* End PBXFrameworksBuildPhase section */

/* Begin PBXGroup section */
		2E046A982259901C0025CA76 = {
			isa = PBXGroup;
			children = (
				2E046AA32259901C0025CA76 /* AutoLayoutSample */,
				2E046AB82259901D0025CA76 /* AutoLayoutSampleTests */,
				2E046AC32259901D0025CA76 /* AutoLayoutSampleUITests */,
				2E046AA22259901C0025CA76 /* Products */,
			);
			sourceTree = "<group>";
		};
		2E046AA22259901C0025CA76 /* Products */ = {
			isa = PBXGroup;
			children = (
				2E046AA12259901C0025CA76 /* AutoLayoutSample.app */,
				2E046AB52259901D0025CA76 /* AutoLayoutSampleTests.xctest */,
				2E046AC02259901D0025CA76 /* AutoLayoutSampleUITests.xctest */,
			);
			name = Products;
			sourceTree = "<group>";
		};
		2E046AA32259901C0025CA76 /* AutoLayoutSample */ = {
			isa = PBXGroup;
			children = (
				2E046AD2225991540025CA76 /* View */,
				2E046AA42259901C0025CA76 /* AppDelegate.swift */,
				2E046AA82259901C0025CA76 /* Main.storyboard */,
				2E046AAB2259901D0025CA76 /* Assets.xcassets */,
				2E046AAD2259901D0025CA76 /* LaunchScreen.storyboard */,
				2E046AB02259901D0025CA76 /* Info.plist */,
			);
			path = AutoLayoutSample;
			sourceTree = "<group>";
		};
		2E046AB82259901D0025CA76 /* AutoLayoutSampleTests */ = {
			isa = PBXGroup;
			children = (
				2E046AB92259901D0025CA76 /* AutoLayoutSampleTests.swift */,
				2E046ABB2259901D0025CA76 /* Info.plist */,
			);
			path = AutoLayoutSampleTests;
			sourceTree = "<group>";
		};
		2E046AC32259901D0025CA76 /* AutoLayoutSampleUITests */ = {
			isa = PBXGroup;
			children = (
				2E046AC42259901D0025CA76 /* AutoLayoutSampleUITests.swift */,
				2E046AC62259901D0025CA76 /* Info.plist */,
			);
			path = AutoLayoutSampleUITests;
			sourceTree = "<group>";
		};
		2E046AD2225991540025CA76 /* View */ = {
			isa = PBXGroup;
			children = (
				2E046AA62259901C0025CA76 /* FirstViewController.swift */,
				2E046AD922599ABE0025CA76 /* SecondViewController.swift */,
				2E046AE52259A4A40025CA76 /* ThirdViewController.swift */,
				2E046AD32259915C0025CA76 /* Parts */,
			);
			path = View;
			sourceTree = "<group>";
		};
		2E046AD32259915C0025CA76 /* Parts */ = {
			isa = PBXGroup;
			children = (
				2E046AD4225991650025CA76 /* FirstCustomTableViewCell */,
				2E046ADB22599B900025CA76 /* SecondCustomTableViewCell */,
				2E046AE02259A0130025CA76 /* ThirdCustomTableViewCell */,
			);
			path = Parts;
			sourceTree = "<group>";
		};
		2E046AD4225991650025CA76 /* FirstCustomTableViewCell */ = {
			isa = PBXGroup;
			children = (
				2E046AD5225991AB0025CA76 /* CustomTableViewCell.swift */,
				2E046AD6225991AB0025CA76 /* CustomTableViewCell.xib */,
			);
			path = FirstCustomTableViewCell;
			sourceTree = "<group>";
		};
		2E046ADB22599B900025CA76 /* SecondCustomTableViewCell */ = {
			isa = PBXGroup;
			children = (
				2E046ADC22599BB50025CA76 /* SecondCustomTableViewCell.swift */,
				2E046ADD22599BB50025CA76 /* SecondCustomTableViewCell.xib */,
			);
			path = SecondCustomTableViewCell;
			sourceTree = "<group>";
		};
		2E046AE02259A0130025CA76 /* ThirdCustomTableViewCell */ = {
			isa = PBXGroup;
			children = (
				2E046AE12259A0340025CA76 /* ThirdCustomTableViewCell.swift */,
				2E046AE22259A0340025CA76 /* ThirdCustomTableViewCell.xib */,
			);
			path = ThirdCustomTableViewCell;
			sourceTree = "<group>";
		};
/* End PBXGroup section */

/* Begin PBXNativeTarget section */
		2E046AA02259901C0025CA76 /* AutoLayoutSample */ = {
			isa = PBXNativeTarget;
			buildConfigurationList = 2E046AC92259901D0025CA76 /* Build configuration list for PBXNativeTarget "AutoLayoutSample" */;
			buildPhases = (
				2E046A9D2259901C0025CA76 /* Sources */,
				2E046A9E2259901C0025CA76 /* Frameworks */,
				2E046A9F2259901C0025CA76 /* Resources */,
			);
			buildRules = (
			);
			dependencies = (
			);
			name = AutoLayoutSample;
			productName = AutoLayoutSample;
			productReference = 2E046AA12259901C0025CA76 /* AutoLayoutSample.app */;
			productType = "com.apple.product-type.application";
		};
		2E046AB42259901D0025CA76 /* AutoLayoutSampleTests */ = {
			isa = PBXNativeTarget;
			buildConfigurationList = 2E046ACC2259901D0025CA76 /* Build configuration list for PBXNativeTarget "AutoLayoutSampleTests" */;
			buildPhases = (
				2E046AB12259901D0025CA76 /* Sources */,
				2E046AB22259901D0025CA76 /* Frameworks */,
				2E046AB32259901D0025CA76 /* Resources */,
			);
			buildRules = (
			);
			dependencies = (
				2E046AB72259901D0025CA76 /* PBXTargetDependency */,
			);
			name = AutoLayoutSampleTests;
			productName = AutoLayoutSampleTests;
			productReference = 2E046AB52259901D0025CA76 /* AutoLayoutSampleTests.xctest */;
			productType = "com.apple.product-type.bundle.unit-test";
		};
		2E046ABF2259901D0025CA76 /* AutoLayoutSampleUITests */ = {
			isa = PBXNativeTarget;
			buildConfigurationList = 2E046ACF2259901D0025CA76 /* Build configuration list for PBXNativeTarget "AutoLayoutSampleUITests" */;
			buildPhases = (
				2E046ABC2259901D0025CA76 /* Sources */,
				2E046ABD2259901D0025CA76 /* Frameworks */,
				2E046ABE2259901D0025CA76 /* Resources */,
			);
			buildRules = (
			);
			dependencies = (
				2E046AC22259901D0025CA76 /* PBXTargetDependency */,
			);
			name = AutoLayoutSampleUITests;
			productName = AutoLayoutSampleUITests;
			productReference = 2E046AC02259901D0025CA76 /* AutoLayoutSampleUITests.xctest */;
			productType = "com.apple.product-type.bundle.ui-testing";
		};
/* End PBXNativeTarget section */

/* Begin PBXProject section */
		2E046A992259901C0025CA76 /* Project object */ = {
			isa = PBXProject;
			attributes = {
				LastSwiftUpdateCheck = 1020;
				LastUpgradeCheck = 1020;
				ORGANIZATIONNAME = "Takahiro Kato";
				TargetAttributes = {
					2E046AA02259901C0025CA76 = {
						CreatedOnToolsVersion = 10.2;
					};
					2E046AB42259901D0025CA76 = {
						CreatedOnToolsVersion = 10.2;
						TestTargetID = 2E046AA02259901C0025CA76;
					};
					2E046ABF2259901D0025CA76 = {
						CreatedOnToolsVersion = 10.2;
						TestTargetID = 2E046AA02259901C0025CA76;
					};
				};
			};
			buildConfigurationList = 2E046A9C2259901C0025CA76 /* Build configuration list for PBXProject "AutoLayoutSample" */;
			compatibilityVersion = "Xcode 9.3";
			developmentRegion = en;
			hasScannedForEncodings = 0;
			knownRegions = (
				en,
				Base,
			);
			mainGroup = 2E046A982259901C0025CA76;
			productRefGroup = 2E046AA22259901C0025CA76 /* Products */;
			projectDirPath = "";
			projectRoot = "";
			targets = (
				2E046AA02259901C0025CA76 /* AutoLayoutSample */,
				2E046AB42259901D0025CA76 /* AutoLayoutSampleTests */,
				2E046ABF2259901D0025CA76 /* AutoLayoutSampleUITests */,
			);
		};
/* End PBXProject section */

/* Begin PBXResourcesBuildPhase section */
		2E046A9F2259901C0025CA76 /* Resources */ = {
			isa = PBXResourcesBuildPhase;
			buildActionMask = 2147483647;
			files = (
				2E046ADF22599BB50025CA76 /* SecondCustomTableViewCell.xib in Resources */,
				2E046AAF2259901D0025CA76 /* LaunchScreen.storyboard in Resources */,
				2E046AE42259A0340025CA76 /* ThirdCustomTableViewCell.xib in Resources */,
				2E046AAC2259901D0025CA76 /* Assets.xcassets in Resources */,
				2E046AD8225991AB0025CA76 /* CustomTableViewCell.xib in Resources */,
				2E046AAA2259901C0025CA76 /* Main.storyboard in Resources */,
			);
			runOnlyForDeploymentPostprocessing = 0;
		};
		2E046AB32259901D0025CA76 /* Resources */ = {
			isa = PBXResourcesBuildPhase;
			buildActionMask = 2147483647;
			files = (
			);
			runOnlyForDeploymentPostprocessing = 0;
		};
		2E046ABE2259901D0025CA76 /* Resources */ = {
			isa = PBXResourcesBuildPhase;
			buildActionMask = 2147483647;
			files = (
			);
			runOnlyForDeploymentPostprocessing = 0;
		};
/* End PBXResourcesBuildPhase section */

/* Begin PBXSourcesBuildPhase section */
		2E046A9D2259901C0025CA76 /* Sources */ = {
			isa = PBXSourcesBuildPhase;
			buildActionMask = 2147483647;
			files = (
				2E046AE32259A0340025CA76 /* ThirdCustomTableViewCell.swift in Sources */,
				2E046ADE22599BB50025CA76 /* SecondCustomTableViewCell.swift in Sources */,
				2E046ADA22599ABE0025CA76 /* SecondViewController.swift in Sources */,
				2E046AE62259A4A40025CA76 /* ThirdViewController.swift in Sources */,
				2E046AD7225991AB0025CA76 /* CustomTableViewCell.swift in Sources */,
				2E046AA72259901C0025CA76 /* FirstViewController.swift in Sources */,
				2E046AA52259901C0025CA76 /* AppDelegate.swift in Sources */,
			);
			runOnlyForDeploymentPostprocessing = 0;
		};
		2E046AB12259901D0025CA76 /* Sources */ = {
			isa = PBXSourcesBuildPhase;
			buildActionMask = 2147483647;
			files = (
				2E046ABA2259901D0025CA76 /* AutoLayoutSampleTests.swift in Sources */,
			);
			runOnlyForDeploymentPostprocessing = 0;
		};
		2E046ABC2259901D0025CA76 /* Sources */ = {
			isa = PBXSourcesBuildPhase;
			buildActionMask = 2147483647;
			files = (
				2E046AC52259901D0025CA76 /* AutoLayoutSampleUITests.swift in Sources */,
			);
			runOnlyForDeploymentPostprocessing = 0;
		};
/* End PBXSourcesBuildPhase section */

/* Begin PBXTargetDependency section */
		2E046AB72259901D0025CA76 /* PBXTargetDependency */ = {
			isa = PBXTargetDependency;
			target = 2E046AA02259901C0025CA76 /* AutoLayoutSample */;
			targetProxy = 2E046AB62259901D0025CA76 /* PBXContainerItemProxy */;
		};
		2E046AC22259901D0025CA76 /* PBXTargetDependency */ = {
			isa = PBXTargetDependency;
			target = 2E046AA02259901C0025CA76 /* AutoLayoutSample */;
			targetProxy = 2E046AC12259901D0025CA76 /* PBXContainerItemProxy */;
		};
/* End PBXTargetDependency section */

/* Begin PBXVariantGroup section */
		2E046AA82259901C0025CA76 /* Main.storyboard */ = {
			isa = PBXVariantGroup;
			children = (
				2E046AA92259901C0025CA76 /* Base */,
			);
			name = Main.storyboard;
			sourceTree = "<group>";
		};
		2E046AAD2259901D0025CA76 /* LaunchScreen.storyboard */ = {
			isa = PBXVariantGroup;
			children = (
				2E046AAE2259901D0025CA76 /* Base */,
			);
			name = LaunchScreen.storyboard;
			sourceTree = "<group>";
		};
/* End PBXVariantGroup section */

/* Begin XCBuildConfiguration section */
		2E046AC72259901D0025CA76 /* Debug */ = {
			isa = XCBuildConfiguration;
			buildSettings = {
				ALWAYS_SEARCH_USER_PATHS = NO;
				CLANG_ANALYZER_NONNULL = YES;
				CLANG_ANALYZER_NUMBER_OBJECT_CONVERSION = YES_AGGRESSIVE;
				CLANG_CXX_LANGUAGE_STANDARD = "gnu++14";
				CLANG_CXX_LIBRARY = "libc++";
				CLANG_ENABLE_MODULES = YES;
				CLANG_ENABLE_OBJC_ARC = YES;
				CLANG_ENABLE_OBJC_WEAK = YES;
				CLANG_WARN_BLOCK_CAPTURE_AUTORELEASING = YES;
				CLANG_WARN_BOOL_CONVERSION = YES;
				CLANG_WARN_COMMA = YES;
				CLANG_WARN_CONSTANT_CONVERSION = YES;
				CLANG_WARN_DEPRECATED_OBJC_IMPLEMENTATIONS = YES;
				CLANG_WARN_DIRECT_OBJC_ISA_USAGE = YES_ERROR;
				CLANG_WARN_DOCUMENTATION_COMMENTS = YES;
				CLANG_WARN_EMPTY_BODY = YES;
				CLANG_WARN_ENUM_CONVERSION = YES;
				CLANG_WARN_INFINITE_RECURSION = YES;
				CLANG_WARN_INT_CONVERSION = YES;
				CLANG_WARN_NON_LITERAL_NULL_CONVERSION = YES;
				CLANG_WARN_OBJC_IMPLICIT_RETAIN_SELF = YES;
				CLANG_WARN_OBJC_LITERAL_CONVERSION = YES;
				CLANG_WARN_OBJC_ROOT_CLASS = YES_ERROR;
				CLANG_WARN_RANGE_LOOP_ANALYSIS = YES;
				CLANG_WARN_STRICT_PROTOTYPES = YES;
				CLANG_WARN_SUSPICIOUS_MOVE = YES;
				CLANG_WARN_UNGUARDED_AVAILABILITY = YES_AGGRESSIVE;
				CLANG_WARN_UNREACHABLE_CODE = YES;
				CLANG_WARN__DUPLICATE_METHOD_MATCH = YES;
				CODE_SIGN_IDENTITY = "iPhone Developer";
				COPY_PHASE_STRIP = NO;
				DEBUG_INFORMATION_FORMAT = dwarf;
				ENABLE_STRICT_OBJC_MSGSEND = YES;
				ENABLE_TESTABILITY = YES;
				GCC_C_LANGUAGE_STANDARD = gnu11;
				GCC_DYNAMIC_NO_PIC = NO;
				GCC_NO_COMMON_BLOCKS = YES;
				GCC_OPTIMIZATION_LEVEL = 0;
				GCC_PREPROCESSOR_DEFINITIONS = (
					"DEBUG=1",
					"$(inherited)",
				);
				GCC_WARN_64_TO_32_BIT_CONVERSION = YES;
				GCC_WARN_ABOUT_RETURN_TYPE = YES_ERROR;
				GCC_WARN_UNDECLARED_SELECTOR = YES;
				GCC_WARN_UNINITIALIZED_AUTOS = YES_AGGRESSIVE;
				GCC_WARN_UNUSED_FUNCTION = YES;
				GCC_WARN_UNUSED_VARIABLE = YES;
				IPHONEOS_DEPLOYMENT_TARGET = 12.2;
				MTL_ENABLE_DEBUG_INFO = INCLUDE_SOURCE;
				MTL_FAST_MATH = YES;
				ONLY_ACTIVE_ARCH = YES;
				SDKROOT = iphoneos;
				SWIFT_ACTIVE_COMPILATION_CONDITIONS = DEBUG;
				SWIFT_OPTIMIZATION_LEVEL = "-Onone";
			};
			name = Debug;
		};
		2E046AC82259901D0025CA76 /* Release */ = {
			isa = XCBuildConfiguration;
			buildSettings = {
				ALWAYS_SEARCH_USER_PATHS = NO;
				CLANG_ANALYZER_NONNULL = YES;
				CLANG_ANALYZER_NUMBER_OBJECT_CONVERSION = YES_AGGRESSIVE;
				CLANG_CXX_LANGUAGE_STANDARD = "gnu++14";
				CLANG_CXX_LIBRARY = "libc++";
				CLANG_ENABLE_MODULES = YES;
				CLANG_ENABLE_OBJC_ARC = YES;
				CLANG_ENABLE_OBJC_WEAK = YES;
				CLANG_WARN_BLOCK_CAPTURE_AUTORELEASING = YES;
				CLANG_WARN_BOOL_CONVERSION = YES;
				CLANG_WARN_COMMA = YES;
				CLANG_WARN_CONSTANT_CONVERSION = YES;
				CLANG_WARN_DEPRECATED_OBJC_IMPLEMENTATIONS = YES;
				CLANG_WARN_DIRECT_OBJC_ISA_USAGE = YES_ERROR;
				CLANG_WARN_DOCUMENTATION_COMMENTS = YES;
				CLANG_WARN_EMPTY_BODY = YES;
				CLANG_WARN_ENUM_CONVERSION = YES;
				CLANG_WARN_INFINITE_RECURSION = YES;
				CLANG_WARN_INT_CONVERSION = YES;
				CLANG_WARN_NON_LITERAL_NULL_CONVERSION = YES;
				CLANG_WARN_OBJC_IMPLICIT_RETAIN_SELF = YES;
				CLANG_WARN_OBJC_LITERAL_CONVERSION = YES;
				CLANG_WARN_OBJC_ROOT_CLASS = YES_ERROR;
				CLANG_WARN_RANGE_LOOP_ANALYSIS = YES;
				CLANG_WARN_STRICT_PROTOTYPES = YES;
				CLANG_WARN_SUSPICIOUS_MOVE = YES;
				CLANG_WARN_UNGUARDED_AVAILABILITY = YES_AGGRESSIVE;
				CLANG_WARN_UNREACHABLE_CODE = YES;
				CLANG_WARN__DUPLICATE_METHOD_MATCH = YES;
				CODE_SIGN_IDENTITY = "iPhone Developer";
				COPY_PHASE_STRIP = NO;
				DEBUG_INFORMATION_FORMAT = "dwarf-with-dsym";
				ENABLE_NS_ASSERTIONS = NO;
				ENABLE_STRICT_OBJC_MSGSEND = YES;
				GCC_C_LANGUAGE_STANDARD = gnu11;
				GCC_NO_COMMON_BLOCKS = YES;
				GCC_WARN_64_TO_32_BIT_CONVERSION = YES;
				GCC_WARN_ABOUT_RETURN_TYPE = YES_ERROR;
				GCC_WARN_UNDECLARED_SELECTOR = YES;
				GCC_WARN_UNINITIALIZED_AUTOS = YES_AGGRESSIVE;
				GCC_WARN_UNUSED_FUNCTION = YES;
				GCC_WARN_UNUSED_VARIABLE = YES;
				IPHONEOS_DEPLOYMENT_TARGET = 12.2;
				MTL_ENABLE_DEBUG_INFO = NO;
				MTL_FAST_MATH = YES;
				SDKROOT = iphoneos;
				SWIFT_COMPILATION_MODE = wholemodule;
				SWIFT_OPTIMIZATION_LEVEL = "-O";
				VALIDATE_PRODUCT = YES;
			};
			name = Release;
		};
		2E046ACA2259901D0025CA76 /* Debug */ = {
			isa = XCBuildConfiguration;
			buildSettings = {
				ASSETCATALOG_COMPILER_APPICON_NAME = AppIcon;
				CODE_SIGN_STYLE = Automatic;
				DEVELOPMENT_TEAM = 6J4XG67E62;
				INFOPLIST_FILE = AutoLayoutSample/Info.plist;
				LD_RUNPATH_SEARCH_PATHS = (
					"$(inherited)",
					"@executable_path/Frameworks",
				);
				PRODUCT_BUNDLE_IDENTIFIER = com.kato.AutoLayoutSample;
				PRODUCT_NAME = "$(TARGET_NAME)";
				SWIFT_VERSION = 5.0;
				TARGETED_DEVICE_FAMILY = "1,2";
			};
			name = Debug;
		};
		2E046ACB2259901D0025CA76 /* Release */ = {
			isa = XCBuildConfiguration;
			buildSettings = {
				ASSETCATALOG_COMPILER_APPICON_NAME = AppIcon;
				CODE_SIGN_STYLE = Automatic;
				DEVELOPMENT_TEAM = 6J4XG67E62;
				INFOPLIST_FILE = AutoLayoutSample/Info.plist;
				LD_RUNPATH_SEARCH_PATHS = (
					"$(inherited)",
					"@executable_path/Frameworks",
				);
				PRODUCT_BUNDLE_IDENTIFIER = com.kato.AutoLayoutSample;
				PRODUCT_NAME = "$(TARGET_NAME)";
				SWIFT_VERSION = 5.0;
				TARGETED_DEVICE_FAMILY = "1,2";
			};
			name = Release;
		};
		2E046ACD2259901D0025CA76 /* Debug */ = {
			isa = XCBuildConfiguration;
			buildSettings = {
				ALWAYS_EMBED_SWIFT_STANDARD_LIBRARIES = YES;
				BUNDLE_LOADER = "$(TEST_HOST)";
				CODE_SIGN_STYLE = Automatic;
				DEVELOPMENT_TEAM = 6J4XG67E62;
				INFOPLIST_FILE = AutoLayoutSampleTests/Info.plist;
				LD_RUNPATH_SEARCH_PATHS = (
					"$(inherited)",
					"@executable_path/Frameworks",
					"@loader_path/Frameworks",
				);
				PRODUCT_BUNDLE_IDENTIFIER = com.kato.AutoLayoutSampleTests;
				PRODUCT_NAME = "$(TARGET_NAME)";
				SWIFT_VERSION = 5.0;
				TARGETED_DEVICE_FAMILY = "1,2";
				TEST_HOST = "$(BUILT_PRODUCTS_DIR)/AutoLayoutSample.app/AutoLayoutSample";
			};
			name = Debug;
		};
		2E046ACE2259901D0025CA76 /* Release */ = {
			isa = XCBuildConfiguration;
			buildSettings = {
				ALWAYS_EMBED_SWIFT_STANDARD_LIBRARIES = YES;
				BUNDLE_LOADER = "$(TEST_HOST)";
				CODE_SIGN_STYLE = Automatic;
				DEVELOPMENT_TEAM = 6J4XG67E62;
				INFOPLIST_FILE = AutoLayoutSampleTests/Info.plist;
				LD_RUNPATH_SEARCH_PATHS = (
					"$(inherited)",
					"@executable_path/Frameworks",
					"@loader_path/Frameworks",
				);
				PRODUCT_BUNDLE_IDENTIFIER = com.kato.AutoLayoutSampleTests;
				PRODUCT_NAME = "$(TARGET_NAME)";
				SWIFT_VERSION = 5.0;
				TARGETED_DEVICE_FAMILY = "1,2";
				TEST_HOST = "$(BUILT_PRODUCTS_DIR)/AutoLayoutSample.app/AutoLayoutSample";
			};
			name = Release;
		};
		2E046AD02259901D0025CA76 /* Debug */ = {
			isa = XCBuildConfiguration;
			buildSettings = {
				ALWAYS_EMBED_SWIFT_STANDARD_LIBRARIES = YES;
				CODE_SIGN_STYLE = Automatic;
				DEVELOPMENT_TEAM = 6J4XG67E62;
				INFOPLIST_FILE = AutoLayoutSampleUITests/Info.plist;
				LD_RUNPATH_SEARCH_PATHS = (
					"$(inherited)",
					"@executable_path/Frameworks",
					"@loader_path/Frameworks",
				);
				PRODUCT_BUNDLE_IDENTIFIER = com.kato.AutoLayoutSampleUITests;
				PRODUCT_NAME = "$(TARGET_NAME)";
				SWIFT_VERSION = 5.0;
				TARGETED_DEVICE_FAMILY = "1,2";
				TEST_TARGET_NAME = AutoLayoutSample;
			};
			name = Debug;
		};
		2E046AD12259901D0025CA76 /* Release */ = {
			isa = XCBuildConfiguration;
			buildSettings = {
				ALWAYS_EMBED_SWIFT_STANDARD_LIBRARIES = YES;
				CODE_SIGN_STYLE = Automatic;
				DEVELOPMENT_TEAM = 6J4XG67E62;
				INFOPLIST_FILE = AutoLayoutSampleUITests/Info.plist;
				LD_RUNPATH_SEARCH_PATHS = (
					"$(inherited)",
					"@executable_path/Frameworks",
					"@loader_path/Frameworks",
				);
				PRODUCT_BUNDLE_IDENTIFIER = com.kato.AutoLayoutSampleUITests;
				PRODUCT_NAME = "$(TARGET_NAME)";
				SWIFT_VERSION = 5.0;
				TARGETED_DEVICE_FAMILY = "1,2";
				TEST_TARGET_NAME = AutoLayoutSample;
			};
			name = Release;
		};
/* End XCBuildConfiguration section */

/* Begin XCConfigurationList section */
		2E046A9C2259901C0025CA76 /* Build configuration list for PBXProject "AutoLayoutSample" */ = {
			isa = XCConfigurationList;
			buildConfigurations = (
				2E046AC72259901D0025CA76 /* Debug */,
				2E046AC82259901D0025CA76 /* Release */,
			);
			defaultConfigurationIsVisible = 0;
			defaultConfigurationName = Release;
		};
		2E046AC92259901D0025CA76 /* Build configuration list for PBXNativeTarget "AutoLayoutSample" */ = {
			isa = XCConfigurationList;
			buildConfigurations = (
				2E046ACA2259901D0025CA76 /* Debug */,
				2E046ACB2259901D0025CA76 /* Release */,
			);
			defaultConfigurationIsVisible = 0;
			defaultConfigurationName = Release;
		};
		2E046ACC2259901D0025CA76 /* Build configuration list for PBXNativeTarget "AutoLayoutSampleTests" */ = {
			isa = XCConfigurationList;
			buildConfigurations = (
				2E046ACD2259901D0025CA76 /* Debug */,
				2E046ACE2259901D0025CA76 /* Release */,
			);
			defaultConfigurationIsVisible = 0;
			defaultConfigurationName = Release;
		};
		2E046ACF2259901D0025CA76 /* Build configuration list for PBXNativeTarget "AutoLayoutSampleUITests" */ = {
			isa = XCConfigurationList;
			buildConfigurations = (
				2E046AD02259901D0025CA76 /* Debug */,
				2E046AD12259901D0025CA76 /* Release */,
			);
			defaultConfigurationIsVisible = 0;
			defaultConfigurationName = Release;
		};
/* End XCConfigurationList section */
	};
	rootObject = 2E046A992259901C0025CA76 /* Project object */;
}
